// !$*UTF8*$!
{
	archiveVersion = 1;
	classes = {
	};
	objectVersion = 55;
	objects = {

/* Begin PBXBuildFile section */
		FA0D73842AFD435E0062DA39 /* TasksTVC.swift in Sources */ = {isa = PBXBuildFile; fileRef = FA0D73832AFD435E0062DA39 /* TasksTVC.swift */; };
		FA0D73862AFD539A0062DA39 /* User.swift in Sources */ = {isa = PBXBuildFile; fileRef = FA0D73852AFD539A0062DA39 /* User.swift */; };
		FA0D73882AFD53AA0062DA39 /* Task.swift in Sources */ = {isa = PBXBuildFile; fileRef = FA0D73872AFD53AA0062DA39 /* Task.swift */; };
		FAD1F9AE2AFBAB5B00279710 /* AppDelegate.swift in Sources */ = {isa = PBXBuildFile; fileRef = FAD1F9AD2AFBAB5B00279710 /* AppDelegate.swift */; };
		FAD1F9B02AFBAB5B00279710 /* SceneDelegate.swift in Sources */ = {isa = PBXBuildFile; fileRef = FAD1F9AF2AFBAB5B00279710 /* SceneDelegate.swift */; };
		FAD1F9B52AFBAB5B00279710 /* Main.storyboard in Resources */ = {isa = PBXBuildFile; fileRef = FAD1F9B32AFBAB5B00279710 /* Main.storyboard */; };
		FAD1F9B72AFBAB5E00279710 /* Assets.xcassets in Resources */ = {isa = PBXBuildFile; fileRef = FAD1F9B62AFBAB5E00279710 /* Assets.xcassets */; };
		FAD1F9BA2AFBAB5E00279710 /* LaunchScreen.storyboard in Resources */ = {isa = PBXBuildFile; fileRef = FAD1F9B82AFBAB5E00279710 /* LaunchScreen.storyboard */; };
		FAD1F9C52AFBB17500279710 /* FirebaseAnalytics in Frameworks */ = {isa = PBXBuildFile; productRef = FAD1F9C42AFBB17500279710 /* FirebaseAnalytics */; };
		FAD1F9C72AFBB17500279710 /* FirebaseCrashlytics in Frameworks */ = {isa = PBXBuildFile; productRef = FAD1F9C62AFBB17500279710 /* FirebaseCrashlytics */; };
		FAD1F9C92AFBB17500279710 /* FirebaseDatabase in Frameworks */ = {isa = PBXBuildFile; productRef = FAD1F9C82AFBB17500279710 /* FirebaseDatabase */; };
		FAD1F9CB2AFBB17500279710 /* FirebaseStorage in Frameworks */ = {isa = PBXBuildFile; productRef = FAD1F9CA2AFBB17500279710 /* FirebaseStorage */; };
		FAD899E02AFBBF2D00AD75E8 /* GoogleService-Info.plist in Resources */ = {isa = PBXBuildFile; fileRef = FAD899DF2AFBBF2D00AD75E8 /* GoogleService-Info.plist */; };
		FAD899EA2AFC0D0200AD75E8 /* LoginVC.swift in Sources */ = {isa = PBXBuildFile; fileRef = FAD899E92AFC0D0200AD75E8 /* LoginVC.swift */; };
		FAD899ED2AFC1DB800AD75E8 /* FirebaseAuth in Frameworks */ = {isa = PBXBuildFile; productRef = FAD899EC2AFC1DB800AD75E8 /* FirebaseAuth */; };
/* End PBXBuildFile section */

/* Begin PBXFileReference section */
		FA0D73832AFD435E0062DA39 /* TasksTVC.swift */ = {isa = PBXFileReference; lastKnownFileType = sourcecode.swift; path = TasksTVC.swift; sourceTree = "<group>"; };
		FA0D73852AFD539A0062DA39 /* User.swift */ = {isa = PBXFileReference; lastKnownFileType = sourcecode.swift; path = User.swift; sourceTree = "<group>"; };
		FA0D73872AFD53AA0062DA39 /* Task.swift */ = {isa = PBXFileReference; lastKnownFileType = sourcecode.swift; path = Task.swift; sourceTree = "<group>"; };
		FAD1F9AA2AFBAB5B00279710 /* FirebaseApp.app */ = {isa = PBXFileReference; explicitFileType = wrapper.application; includeInIndex = 0; path = FirebaseApp.app; sourceTree = BUILT_PRODUCTS_DIR; };
		FAD1F9AD2AFBAB5B00279710 /* AppDelegate.swift */ = {isa = PBXFileReference; lastKnownFileType = sourcecode.swift; path = AppDelegate.swift; sourceTree = "<group>"; };
		FAD1F9AF2AFBAB5B00279710 /* SceneDelegate.swift */ = {isa = PBXFileReference; lastKnownFileType = sourcecode.swift; path = SceneDelegate.swift; sourceTree = "<group>"; };
		FAD1F9B42AFBAB5B00279710 /* Base */ = {isa = PBXFileReference; lastKnownFileType = file.storyboard; name = Base; path = Base.lproj/Main.storyboard; sourceTree = "<group>"; };
		FAD1F9B62AFBAB5E00279710 /* Assets.xcassets */ = {isa = PBXFileReference; lastKnownFileType = folder.assetcatalog; path = Assets.xcassets; sourceTree = "<group>"; };
		FAD1F9B92AFBAB5E00279710 /* Base */ = {isa = PBXFileReference; lastKnownFileType = file.storyboard; name = Base; path = Base.lproj/LaunchScreen.storyboard; sourceTree = "<group>"; };
		FAD1F9BB2AFBAB5E00279710 /* Info.plist */ = {isa = PBXFileReference; lastKnownFileType = text.plist.xml; path = Info.plist; sourceTree = "<group>"; };
		FAD899DF2AFBBF2D00AD75E8 /* GoogleService-Info.plist */ = {isa = PBXFileReference; fileEncoding = 4; lastKnownFileType = text.plist.xml; path = "GoogleService-Info.plist"; sourceTree = "<group>"; };
		FAD899E92AFC0D0200AD75E8 /* LoginVC.swift */ = {isa = PBXFileReference; lastKnownFileType = sourcecode.swift; path = LoginVC.swift; sourceTree = "<group>"; };
/* End PBXFileReference section */

/* Begin PBXFrameworksBuildPhase section */
		FAD1F9A72AFBAB5B00279710 /* Frameworks */ = {
			isa = PBXFrameworksBuildPhase;
			buildActionMask = 2147483647;
			files = (
				FAD1F9C92AFBB17500279710 /* FirebaseDatabase in Frameworks */,
				FAD899ED2AFC1DB800AD75E8 /* FirebaseAuth in Frameworks */,
				FAD1F9CB2AFBB17500279710 /* FirebaseStorage in Frameworks */,
				FAD1F9C52AFBB17500279710 /* FirebaseAnalytics in Frameworks */,
				FAD1F9C72AFBB17500279710 /* FirebaseCrashlytics in Frameworks */,
			);
			runOnlyForDeploymentPostprocessing = 0;
		};
/* End PBXFrameworksBuildPhase section */

/* Begin PBXGroup section */
		FAD1F9A12AFBAB5B00279710 = {
			isa = PBXGroup;
			children = (
				FAD1F9AC2AFBAB5B00279710 /* FirebaseApp */,
				FAD1F9AB2AFBAB5B00279710 /* Products */,
				FAD899EB2AFC1DB800AD75E8 /* Frameworks */,
			);
			sourceTree = "<group>";
		};
		FAD1F9AB2AFBAB5B00279710 /* Products */ = {
			isa = PBXGroup;
			children = (
				FAD1F9AA2AFBAB5B00279710 /* FirebaseApp.app */,
			);
			name = Products;
			sourceTree = "<group>";
		};
		FAD1F9AC2AFBAB5B00279710 /* FirebaseApp */ = {
			isa = PBXGroup;
			children = (
				FAD899E42AFC036000AD75E8 /* Models */,
				FAD899E22AFC033C00AD75E8 /* View */,
				FAD899E32AFC035100AD75E8 /* Controllers */,
				FAD1F9B62AFBAB5E00279710 /* Assets.xcassets */,
				FAD899DF2AFBBF2D00AD75E8 /* GoogleService-Info.plist */,
				FAD1F9BB2AFBAB5E00279710 /* Info.plist */,
				FAD899E12AFC031A00AD75E8 /* App */,
			);
			path = FirebaseApp;
			sourceTree = "<group>";
		};
		FAD899E12AFC031A00AD75E8 /* App */ = {
			isa = PBXGroup;
			children = (
				FAD1F9AD2AFBAB5B00279710 /* AppDelegate.swift */,
				FAD1F9AF2AFBAB5B00279710 /* SceneDelegate.swift */,
			);
			path = App;
			sourceTree = "<group>";
		};
		FAD899E22AFC033C00AD75E8 /* View */ = {
			isa = PBXGroup;
			children = (
				FAD1F9B82AFBAB5E00279710 /* LaunchScreen.storyboard */,
				FAD1F9B32AFBAB5B00279710 /* Main.storyboard */,
			);
			path = View;
			sourceTree = "<group>";
		};
		FAD899E32AFC035100AD75E8 /* Controllers */ = {
			isa = PBXGroup;
			children = (
				FAD899E92AFC0D0200AD75E8 /* LoginVC.swift */,
				FA0D73832AFD435E0062DA39 /* TasksTVC.swift */,
			);
			path = Controllers;
			sourceTree = "<group>";
		};
		FAD899E42AFC036000AD75E8 /* Models */ = {
			isa = PBXGroup;
			children = (
				FA0D73852AFD539A0062DA39 /* User.swift */,
				FA0D73872AFD53AA0062DA39 /* Task.swift */,
			);
			path = Models;
			sourceTree = "<group>";
		};
		FAD899EB2AFC1DB800AD75E8 /* Frameworks */ = {
			isa = PBXGroup;
			children = (
			);
			name = Frameworks;
			sourceTree = "<group>";
		};
/* End PBXGroup section */

/* Begin PBXNativeTarget section */
		FAD1F9A92AFBAB5B00279710 /* FirebaseApp */ = {
			isa = PBXNativeTarget;
			buildConfigurationList = FAD1F9BE2AFBAB5E00279710 /* Build configuration list for PBXNativeTarget "FirebaseApp" */;
			buildPhases = (
				FAD1F9A62AFBAB5B00279710 /* Sources */,
				FAD1F9A72AFBAB5B00279710 /* Frameworks */,
				FAD1F9A82AFBAB5B00279710 /* Resources */,
			);
			buildRules = (
			);
			dependencies = (
			);
			name = FirebaseApp;
			packageProductDependencies = (
				FAD1F9C42AFBB17500279710 /* FirebaseAnalytics */,
				FAD1F9C62AFBB17500279710 /* FirebaseCrashlytics */,
				FAD1F9C82AFBB17500279710 /* FirebaseDatabase */,
				FAD1F9CA2AFBB17500279710 /* FirebaseStorage */,
				FAD899EC2AFC1DB800AD75E8 /* FirebaseAuth */,
			);
			productName = FirebaseApp;
			productReference = FAD1F9AA2AFBAB5B00279710 /* FirebaseApp.app */;
			productType = "com.apple.product-type.application";
		};
/* End PBXNativeTarget section */

/* Begin PBXProject section */
		FAD1F9A22AFBAB5B00279710 /* Project object */ = {
			isa = PBXProject;
			attributes = {
				BuildIndependentTargetsInParallel = 1;
				LastSwiftUpdateCheck = 1340;
				LastUpgradeCheck = 1340;
				TargetAttributes = {
					FAD1F9A92AFBAB5B00279710 = {
						CreatedOnToolsVersion = 13.4.1;
					};
				};
			};
			buildConfigurationList = FAD1F9A52AFBAB5B00279710 /* Build configuration list for PBXProject "FirebaseApp" */;
			compatibilityVersion = "Xcode 13.0";
			developmentRegion = en;
			hasScannedForEncodings = 0;
			knownRegions = (
				en,
				Base,
			);
			mainGroup = FAD1F9A12AFBAB5B00279710;
			packageReferences = (
				FAD1F9C32AFBB17500279710 /* XCRemoteSwiftPackageReference "firebase-ios-sdk" */,
			);
			productRefGroup = FAD1F9AB2AFBAB5B00279710 /* Products */;
			projectDirPath = "";
			projectRoot = "";
			targets = (
				FAD1F9A92AFBAB5B00279710 /* FirebaseApp */,
			);
		};
/* End PBXProject section */

/* Begin PBXResourcesBuildPhase section */
		FAD1F9A82AFBAB5B00279710 /* Resources */ = {
			isa = PBXResourcesBuildPhase;
			buildActionMask = 2147483647;
			files = (
				FAD1F9BA2AFBAB5E00279710 /* LaunchScreen.storyboard in Resources */,
				FAD1F9B72AFBAB5E00279710 /* Assets.xcassets in Resources */,
				FAD1F9B52AFBAB5B00279710 /* Main.storyboard in Resources */,
				FAD899E02AFBBF2D00AD75E8 /* GoogleService-Info.plist in Resources */,
			);
			runOnlyForDeploymentPostprocessing = 0;
		};
/* End PBXResourcesBuildPhase section */

/* Begin PBXSourcesBuildPhase section */
		FAD1F9A62AFBAB5B00279710 /* Sources */ = {
			isa = PBXSourcesBuildPhase;
			buildActionMask = 2147483647;
			files = (
				FA0D73842AFD435E0062DA39 /* TasksTVC.swift in Sources */,
				FAD1F9AE2AFBAB5B00279710 /* AppDelegate.swift in Sources */,
				FAD1F9B02AFBAB5B00279710 /* SceneDelegate.swift in Sources */,
				FA0D73862AFD539A0062DA39 /* User.swift in Sources */,
				FA0D73882AFD53AA0062DA39 /* Task.swift in Sources */,
				FAD899EA2AFC0D0200AD75E8 /* LoginVC.swift in Sources */,
			);
			runOnlyForDeploymentPostprocessing = 0;
		};
/* End PBXSourcesBuildPhase section */

/* Begin PBXVariantGroup section */
		FAD1F9B32AFBAB5B00279710 /* Main.storyboard */ = {
			isa = PBXVariantGroup;
			children = (
				FAD1F9B42AFBAB5B00279710 /* Base */,
			);
			name = Main.storyboard;
			sourceTree = "<group>";
		};
		FAD1F9B82AFBAB5E00279710 /* LaunchScreen.storyboard */ = {
			isa = PBXVariantGroup;
			children = (
				FAD1F9B92AFBAB5E00279710 /* Base */,
			);
			name = LaunchScreen.storyboard;
			sourceTree = "<group>";
		};
/* End PBXVariantGroup section */

/* Begin XCBuildConfiguration section */
		FAD1F9BC2AFBAB5E00279710 /* Debug */ = {
			isa = XCBuildConfiguration;
			buildSettings = {
				ALWAYS_SEARCH_USER_PATHS = NO;
				CLANG_ANALYZER_NONNULL = YES;
				CLANG_ANALYZER_NUMBER_OBJECT_CONVERSION = YES_AGGRESSIVE;
				CLANG_CXX_LANGUAGE_STANDARD = "gnu++17";
				CLANG_ENABLE_MODULES = YES;
				CLANG_ENABLE_OBJC_ARC = YES;
				CLANG_ENABLE_OBJC_WEAK = YES;
				CLANG_WARN_BLOCK_CAPTURE_AUTORELEASING = YES;
				CLANG_WARN_BOOL_CONVERSION = YES;
				CLANG_WARN_COMMA = YES;
				CLANG_WARN_CONSTANT_CONVERSION = YES;
				CLANG_WARN_DEPRECATED_OBJC_IMPLEMENTATIONS = YES;
				CLANG_WARN_DIRECT_OBJC_ISA_USAGE = YES_ERROR;
				CLANG_WARN_DOCUMENTATION_COMMENTS = YES;
				CLANG_WARN_EMPTY_BODY = YES;
				CLANG_WARN_ENUM_CONVERSION = YES;
				CLANG_WARN_INFINITE_RECURSION = YES;
				CLANG_WARN_INT_CONVERSION = YES;
				CLANG_WARN_NON_LITERAL_NULL_CONVERSION = YES;
				CLANG_WARN_OBJC_IMPLICIT_RETAIN_SELF = YES;
				CLANG_WARN_OBJC_LITERAL_CONVERSION = YES;
				CLANG_WARN_OBJC_ROOT_CLASS = YES_ERROR;
				CLANG_WARN_QUOTED_INCLUDE_IN_FRAMEWORK_HEADER = YES;
				CLANG_WARN_RANGE_LOOP_ANALYSIS = YES;
				CLANG_WARN_STRICT_PROTOTYPES = YES;
				CLANG_WARN_SUSPICIOUS_MOVE = YES;
				CLANG_WARN_UNGUARDED_AVAILABILITY = YES_AGGRESSIVE;
				CLANG_WARN_UNREACHABLE_CODE = YES;
				CLANG_WARN__DUPLICATE_METHOD_MATCH = YES;
				COPY_PHASE_STRIP = NO;
				DEBUG_INFORMATION_FORMAT = dwarf;
				ENABLE_STRICT_OBJC_MSGSEND = YES;
				ENABLE_TESTABILITY = YES;
				GCC_C_LANGUAGE_STANDARD = gnu11;
				GCC_DYNAMIC_NO_PIC = NO;
				GCC_NO_COMMON_BLOCKS = YES;
				GCC_OPTIMIZATION_LEVEL = 0;
				GCC_PREPROCESSOR_DEFINITIONS = (
					"DEBUG=1",
					"$(inherited)",
				);
				GCC_WARN_64_TO_32_BIT_CONVERSION = YES;
				GCC_WARN_ABOUT_RETURN_TYPE = YES_ERROR;
				GCC_WARN_UNDECLARED_SELECTOR = YES;
				GCC_WARN_UNINITIALIZED_AUTOS = YES_AGGRESSIVE;
				GCC_WARN_UNUSED_FUNCTION = YES;
				GCC_WARN_UNUSED_VARIABLE = YES;
				IPHONEOS_DEPLOYMENT_TARGET = 15.5;
				MTL_ENABLE_DEBUG_INFO = INCLUDE_SOURCE;
				MTL_FAST_MATH = YES;
				ONLY_ACTIVE_ARCH = YES;
				SDKROOT = iphoneos;
				SWIFT_ACTIVE_COMPILATION_CONDITIONS = DEBUG;
				SWIFT_OPTIMIZATION_LEVEL = "-Onone";
			};
			name = Debug;
		};
		FAD1F9BD2AFBAB5E00279710 /* Release */ = {
			isa = XCBuildConfiguration;
			buildSettings = {
				ALWAYS_SEARCH_USER_PATHS = NO;
				CLANG_ANALYZER_NONNULL = YES;
				CLANG_ANALYZER_NUMBER_OBJECT_CONVERSION = YES_AGGRESSIVE;
				CLANG_CXX_LANGUAGE_STANDARD = "gnu++17";
				CLANG_ENABLE_MODULES = YES;
				CLANG_ENABLE_OBJC_ARC = YES;
				CLANG_ENABLE_OBJC_WEAK = YES;
				CLANG_WARN_BLOCK_CAPTURE_AUTORELEASING = YES;
				CLANG_WARN_BOOL_CONVERSION = YES;
				CLANG_WARN_COMMA = YES;
				CLANG_WARN_CONSTANT_CONVERSION = YES;
				CLANG_WARN_DEPRECATED_OBJC_IMPLEMENTATIONS = YES;
				CLANG_WARN_DIRECT_OBJC_ISA_USAGE = YES_ERROR;
				CLANG_WARN_DOCUMENTATION_COMMENTS = YES;
				CLANG_WARN_EMPTY_BODY = YES;
				CLANG_WARN_ENUM_CONVERSION = YES;
				CLANG_WARN_INFINITE_RECURSION = YES;
				CLANG_WARN_INT_CONVERSION = YES;
				CLANG_WARN_NON_LITERAL_NULL_CONVERSION = YES;
				CLANG_WARN_OBJC_IMPLICIT_RETAIN_SELF = YES;
				CLANG_WARN_OBJC_LITERAL_CONVERSION = YES;
				CLANG_WARN_OBJC_ROOT_CLASS = YES_ERROR;
				CLANG_WARN_QUOTED_INCLUDE_IN_FRAMEWORK_HEADER = YES;
				CLANG_WARN_RANGE_LOOP_ANALYSIS = YES;
				CLANG_WARN_STRICT_PROTOTYPES = YES;
				CLANG_WARN_SUSPICIOUS_MOVE = YES;
				CLANG_WARN_UNGUARDED_AVAILABILITY = YES_AGGRESSIVE;
				CLANG_WARN_UNREACHABLE_CODE = YES;
				CLANG_WARN__DUPLICATE_METHOD_MATCH = YES;
				COPY_PHASE_STRIP = NO;
				DEBUG_INFORMATION_FORMAT = "dwarf-with-dsym";
				ENABLE_NS_ASSERTIONS = NO;
				ENABLE_STRICT_OBJC_MSGSEND = YES;
				GCC_C_LANGUAGE_STANDARD = gnu11;
				GCC_NO_COMMON_BLOCKS = YES;
				GCC_WARN_64_TO_32_BIT_CONVERSION = YES;
				GCC_WARN_ABOUT_RETURN_TYPE = YES_ERROR;
				GCC_WARN_UNDECLARED_SELECTOR = YES;
				GCC_WARN_UNINITIALIZED_AUTOS = YES_AGGRESSIVE;
				GCC_WARN_UNUSED_FUNCTION = YES;
				GCC_WARN_UNUSED_VARIABLE = YES;
				IPHONEOS_DEPLOYMENT_TARGET = 15.5;
				MTL_ENABLE_DEBUG_INFO = NO;
				MTL_FAST_MATH = YES;
				SDKROOT = iphoneos;
				SWIFT_COMPILATION_MODE = wholemodule;
				SWIFT_OPTIMIZATION_LEVEL = "-O";
				VALIDATE_PRODUCT = YES;
			};
			name = Release;
		};
		FAD1F9BF2AFBAB5E00279710 /* Debug */ = {
			isa = XCBuildConfiguration;
			buildSettings = {
				ASSETCATALOG_COMPILER_APPICON_NAME = AppIcon;
				ASSETCATALOG_COMPILER_GLOBAL_ACCENT_COLOR_NAME = AccentColor;
				CODE_SIGN_STYLE = Automatic;
				CURRENT_PROJECT_VERSION = 1;
				DEVELOPMENT_TEAM = 6N3JPZKBPF;
				GENERATE_INFOPLIST_FILE = YES;
				INFOPLIST_FILE = FirebaseApp/Info.plist;
				INFOPLIST_KEY_UIApplicationSupportsIndirectInputEvents = YES;
				INFOPLIST_KEY_UILaunchStoryboardName = LaunchScreen;
				INFOPLIST_KEY_UIMainStoryboardFile = Main;
				INFOPLIST_KEY_UISupportedInterfaceOrientations_iPad = "UIInterfaceOrientationPortrait UIInterfaceOrientationPortraitUpsideDown UIInterfaceOrientationLandscapeLeft UIInterfaceOrientationLandscapeRight";
				INFOPLIST_KEY_UISupportedInterfaceOrientations_iPhone = "UIInterfaceOrientationPortrait UIInterfaceOrientationLandscapeLeft UIInterfaceOrientationLandscapeRight";
				LD_RUNPATH_SEARCH_PATHS = (
					"$(inherited)",
					"@executable_path/Frameworks",
				);
				MARKETING_VERSION = 1.0;
				PRODUCT_BUNDLE_IDENTIFIER = shved.FirebaseApp;
				PRODUCT_NAME = "$(TARGET_NAME)";
				SWIFT_EMIT_LOC_STRINGS = YES;
				SWIFT_VERSION = 5.0;
				TARGETED_DEVICE_FAMILY = "1,2";
			};
			name = Debug;
		};
		FAD1F9C02AFBAB5E00279710 /* Release */ = {
			isa = XCBuildConfiguration;
			buildSettings = {
				ASSETCATALOG_COMPILER_APPICON_NAME = AppIcon;
				ASSETCATALOG_COMPILER_GLOBAL_ACCENT_COLOR_NAME = AccentColor;
				CODE_SIGN_STYLE = Automatic;
				CURRENT_PROJECT_VERSION = 1;
				DEVELOPMENT_TEAM = 6N3JPZKBPF;
				GENERATE_INFOPLIST_FILE = YES;
				INFOPLIST_FILE = FirebaseApp/Info.plist;
				INFOPLIST_KEY_UIApplicationSupportsIndirectInputEvents = YES;
				INFOPLIST_KEY_UILaunchStoryboardName = LaunchScreen;
				INFOPLIST_KEY_UIMainStoryboardFile = Main;
				INFOPLIST_KEY_UISupportedInterfaceOrientations_iPad = "UIInterfaceOrientationPortrait UIInterfaceOrientationPortraitUpsideDown UIInterfaceOrientationLandscapeLeft UIInterfaceOrientationLandscapeRight";
				INFOPLIST_KEY_UISupportedInterfaceOrientations_iPhone = "UIInterfaceOrientationPortrait UIInterfaceOrientationLandscapeLeft UIInterfaceOrientationLandscapeRight";
				LD_RUNPATH_SEARCH_PATHS = (
					"$(inherited)",
					"@executable_path/Frameworks",
				);
				MARKETING_VERSION = 1.0;
				PRODUCT_BUNDLE_IDENTIFIER = shved.FirebaseApp;
				PRODUCT_NAME = "$(TARGET_NAME)";
				SWIFT_EMIT_LOC_STRINGS = YES;
				SWIFT_VERSION = 5.0;
				TARGETED_DEVICE_FAMILY = "1,2";
			};
			name = Release;
		};
/* End XCBuildConfiguration section */

/* Begin XCConfigurationList section */
		FAD1F9A52AFBAB5B00279710 /* Build configuration list for PBXProject "FirebaseApp" */ = {
			isa = XCConfigurationList;
			buildConfigurations = (
				FAD1F9BC2AFBAB5E00279710 /* Debug */,
				FAD1F9BD2AFBAB5E00279710 /* Release */,
			);
			defaultConfigurationIsVisible = 0;
			defaultConfigurationName = Release;
		};
		FAD1F9BE2AFBAB5E00279710 /* Build configuration list for PBXNativeTarget "FirebaseApp" */ = {
			isa = XCConfigurationList;
			buildConfigurations = (
				FAD1F9BF2AFBAB5E00279710 /* Debug */,
				FAD1F9C02AFBAB5E00279710 /* Release */,
			);
			defaultConfigurationIsVisible = 0;
			defaultConfigurationName = Release;
		};
/* End XCConfigurationList section */

/* Begin XCRemoteSwiftPackageReference section */
		FAD1F9C32AFBB17500279710 /* XCRemoteSwiftPackageReference "firebase-ios-sdk" */ = {
			isa = XCRemoteSwiftPackageReference;
			repositoryURL = "https://github.com/firebase/firebase-ios-sdk";
			requirement = {
				kind = upToNextMajorVersion;
				minimumVersion = 9.0.0;
			};
		};
/* End XCRemoteSwiftPackageReference section */

/* Begin XCSwiftPackageProductDependency section */
		FAD1F9C42AFBB17500279710 /* FirebaseAnalytics */ = {
			isa = XCSwiftPackageProductDependency;
			package = FAD1F9C32AFBB17500279710 /* XCRemoteSwiftPackageReference "firebase-ios-sdk" */;
			productName = FirebaseAnalytics;
		};
		FAD1F9C62AFBB17500279710 /* FirebaseCrashlytics */ = {
			isa = XCSwiftPackageProductDependency;
			package = FAD1F9C32AFBB17500279710 /* XCRemoteSwiftPackageReference "firebase-ios-sdk" */;
			productName = FirebaseCrashlytics;
		};
		FAD1F9C82AFBB17500279710 /* FirebaseDatabase */ = {
			isa = XCSwiftPackageProductDependency;
			package = FAD1F9C32AFBB17500279710 /* XCRemoteSwiftPackageReference "firebase-ios-sdk" */;
			productName = FirebaseDatabase;
		};
		FAD1F9CA2AFBB17500279710 /* FirebaseStorage */ = {
			isa = XCSwiftPackageProductDependency;
			package = FAD1F9C32AFBB17500279710 /* XCRemoteSwiftPackageReference "firebase-ios-sdk" */;
			productName = FirebaseStorage;
		};
		FAD899EC2AFC1DB800AD75E8 /* FirebaseAuth */ = {
			isa = XCSwiftPackageProductDependency;
			package = FAD1F9C32AFBB17500279710 /* XCRemoteSwiftPackageReference "firebase-ios-sdk" */;
			productName = FirebaseAuth;
		};
/* End XCSwiftPackageProductDependency section */
	};
	rootObject = FAD1F9A22AFBAB5B00279710 /* Project object */;
}
